
Microsoft Visual Studio Solution File, Format Version 12.00
# Visual Studio 15
VisualStudioVersion = 15.0.28307.645
MinimumVisualStudioVersion = 10.0.40219.1
Project("{FAE04EC0-301F-11D3-BF4B-00C04F79EFBC}") = "TestApp", "TestApp\TestApp.csproj", "{4C51FCCC-B818-4A0B-BB9A-C0F417F0970F}"
EndProject
Project("{930C7802-8A8C-48F9-8165-68863BCCD9DD}") = "TestInstaller", "TestInstaller\TestInstaller.wixproj", "{93551C49-F788-4A47-A33B-616461D9A689}"
EndProject
Global
	GlobalSection(SolutionConfigurationPlatforms) = preSolution
		Debug|Any CPU = Debug|Any CPU
		Debug|x86 = Debug|x86
		Release|Any CPU = Release|Any CPU
		Release|x86 = Release|x86
	EndGlobalSection
	GlobalSection(ProjectConfigurationPlatforms) = postSolution
		{4C51FCCC-B818-4A0B-BB9A-C0F417F0970F}.Debug|Any CPU.ActiveCfg = Debug|Any CPU
		{4C51FCCC-B818-4A0B-BB9A-C0F417F0970F}.Debug|Any CPU.Build.0 = Debug|Any CPU
		{4C51FCCC-B818-4A0B-BB9A-C0F417F0970F}.Debug|x86.ActiveCfg = Debug|Any CPU
		{4C51FCCC-B818-4A0B-BB9A-C0F417F0970F}.Debug|x86.Build.0 = Debug|Any CPU
		{4C51FCCC-B818-4A0B-BB9A-C0F417F0970F}.Release|Any CPU.ActiveCfg = Release|Any CPU
		{4C51FCCC-B818-4A0B-BB9A-C0F417F0970F}.Release|Any CPU.Build.0 = Release|Any CPU
		{4C51FCCC-B818-4A0B-BB9A-C0F417F0970F}.Release|x86.ActiveCfg = Release|Any CPU
		{4C51FCCC-B818-4A0B-BB9A-C0F417F0970F}.Release|x86.Build.0 = Release|Any CPU
		{93551C49-F788-4A47-A33B-616461D9A689}.Debug|Any CPU.ActiveCfg = Debug|x86
		{93551C49-F788-4A47-A33B-616461D9A689}.Debug|Any CPU.Build.0 = Debug|x86
		{93551C49-F788-4A47-A33B-616461D9A689}.Debug|x86.ActiveCfg = Debug|x86
		{93551C49-F788-4A47-A33B-616461D9A689}.Debug|x86.Build.0 = Debug|x86
		{93551C49-F788-4A47-A33B-616461D9A689}.Release|Any CPU.ActiveCfg = Release|x86
		{93551C49-F788-4A47-A33B-616461D9A689}.Release|Any CPU.Build.0 = Release|x86
		{93551C49-F788-4A47-A33B-616461D9A689}.Release|x86.ActiveCfg = Release|x86
		{93551C49-F788-4A47-A33B-616461D9A689}.Release|x86.Build.0 = Release|x86
	EndGlobalSection
	GlobalSection(SolutionProperties) = preSolution
		HideSolutionNode = FALSE
	EndGlobalSection
	GlobalSection(ExtensibilityGlobals) = postSolution
		SolutionGuid = {73E308D3-681B-4AE3-A8B6-80863207BE9E}
	EndGlobalSection
EndGlobal
